
Microsoft Visual Studio Solution File, Format Version 12.00
# Visual Studio Version 17
VisualStudioVersion = 17.11.35303.130
MinimumVisualStudioVersion = 10.0.40219.1
Project("{2150E333-8FDC-42A3-9474-1A3956D46DE8}") = "Task0", "Task0", "{AE09BFB1-EE9E-4E3A-A593-288A733D3CB8}"
EndProject
Project("{9A19103F-16F7-4668-BE54-9A1E7A4F7556}") = "Tyuiu.BorkovNA.Sprint2.Task0.V1.Test", "Tyuiu.BorkovNA.Sprint2.Task0.V1.Test\Tyuiu.BorkovNA.Sprint2.Task0.V1.Test.csproj", "{5F4B91AA-D9D8-4EB8-A1F0-F573BE8B7446}"
EndProject
Project("{9A19103F-16F7-4668-BE54-9A1E7A4F7556}") = "Tyuiu.BorkovNA.Sprint2.Task0.V1", "Tyuiu.BorkovNA.Sprint2.Task0.V1\Tyuiu.BorkovNA.Sprint2.Task0.V1.csproj", "{9F941AD3-E2CD-4169-BB37-6BD47113D7B4}"
EndProject
Project("{9A19103F-16F7-4668-BE54-9A1E7A4F7556}") = "Tyuiu.BorkovNA.Sprint2.Task0.V1.Lib", "Tyuiu.BorkovNA.Sprint2.Task0.V1.Lib\Tyuiu.BorkovNA.Sprint2.Task0.V1.Lib.csproj", "{F4D26A10-4E84-4419-92B5-EA79FF5E1A85}"
EndProject
Project("{2150E333-8FDC-42A3-9474-1A3956D46DE8}") = "Task1", "Task1", "{67F3C2D8-8176-4504-82D5-991B2F7BBD2B}"
EndProject
Project("{9A19103F-16F7-4668-BE54-9A1E7A4F7556}") = "Tyuiu.BorkovNA.Sprint2.Task1.V28.Test", "Tyuiu.BorkovNA.Sprint2.Task1.V28Test\Tyuiu.BorkovNA.Sprint2.Task1.V28.Test.csproj", "{1864D1E6-988B-474B-A61B-35D6024A1A92}"
EndProject
Project("{9A19103F-16F7-4668-BE54-9A1E7A4F7556}") = "Tyuiu.BorkovNA.Sprint2.Task1.V28", "Tyuiu.BorkovNA.Sprint2.Task1.V28\Tyuiu.BorkovNA.Sprint2.Task1.V28.csproj", "{C4BBADD5-64D9-4C88-ACB8-0105D6B2C830}"
EndProject
Project("{FAE04EC0-301F-11D3-BF4B-00C04F79EFBC}") = "Tyuiu.BorkovNA.Sprint2.Task1.V28.Lib", "Tyuiu.BorkovNA.Sprint2.Task1.V28.Lib\Tyuiu.BorkovNA.Sprint2.Task1.V28.Lib.csproj", "{EB2ECFE5-B8D9-490A-8545-6ABE76B7D5CE}"
EndProject
Global
	GlobalSection(SolutionConfigurationPlatforms) = preSolution
		Debug|Any CPU = Debug|Any CPU
		Release|Any CPU = Release|Any CPU
	EndGlobalSection
	GlobalSection(ProjectConfigurationPlatforms) = postSolution
		{5F4B91AA-D9D8-4EB8-A1F0-F573BE8B7446}.Debug|Any CPU.ActiveCfg = Debug|Any CPU
		{5F4B91AA-D9D8-4EB8-A1F0-F573BE8B7446}.Debug|Any CPU.Build.0 = Debug|Any CPU
		{5F4B91AA-D9D8-4EB8-A1F0-F573BE8B7446}.Release|Any CPU.ActiveCfg = Release|Any CPU
		{5F4B91AA-D9D8-4EB8-A1F0-F573BE8B7446}.Release|Any CPU.Build.0 = Release|Any CPU
		{9F941AD3-E2CD-4169-BB37-6BD47113D7B4}.Debug|Any CPU.ActiveCfg = Debug|Any CPU
		{9F941AD3-E2CD-4169-BB37-6BD47113D7B4}.Debug|Any CPU.Build.0 = Debug|Any CPU
		{9F941AD3-E2CD-4169-BB37-6BD47113D7B4}.Release|Any CPU.ActiveCfg = Release|Any CPU
		{9F941AD3-E2CD-4169-BB37-6BD47113D7B4}.Release|Any CPU.Build.0 = Release|Any CPU
		{F4D26A10-4E84-4419-92B5-EA79FF5E1A85}.Debug|Any CPU.ActiveCfg = Debug|Any CPU
		{F4D26A10-4E84-4419-92B5-EA79FF5E1A85}.Debug|Any CPU.Build.0 = Debug|Any CPU
		{F4D26A10-4E84-4419-92B5-EA79FF5E1A85}.Release|Any CPU.ActiveCfg = Release|Any CPU
		{F4D26A10-4E84-4419-92B5-EA79FF5E1A85}.Release|Any CPU.Build.0 = Release|Any CPU
		{1864D1E6-988B-474B-A61B-35D6024A1A92}.Debug|Any CPU.ActiveCfg = Debug|Any CPU
		{1864D1E6-988B-474B-A61B-35D6024A1A92}.Debug|Any CPU.Build.0 = Debug|Any CPU
		{1864D1E6-988B-474B-A61B-35D6024A1A92}.Release|Any CPU.ActiveCfg = Release|Any CPU
		{1864D1E6-988B-474B-A61B-35D6024A1A92}.Release|Any CPU.Build.0 = Release|Any CPU
		{C4BBADD5-64D9-4C88-ACB8-0105D6B2C830}.Debug|Any CPU.ActiveCfg = Debug|Any CPU
		{C4BBADD5-64D9-4C88-ACB8-0105D6B2C830}.Debug|Any CPU.Build.0 = Debug|Any CPU
		{C4BBADD5-64D9-4C88-ACB8-0105D6B2C830}.Release|Any CPU.ActiveCfg = Release|Any CPU
		{C4BBADD5-64D9-4C88-ACB8-0105D6B2C830}.Release|Any CPU.Build.0 = Release|Any CPU
		{EB2ECFE5-B8D9-490A-8545-6ABE76B7D5CE}.Debug|Any CPU.ActiveCfg = Debug|Any CPU
		{EB2ECFE5-B8D9-490A-8545-6ABE76B7D5CE}.Debug|Any CPU.Build.0 = Debug|Any CPU
		{EB2ECFE5-B8D9-490A-8545-6ABE76B7D5CE}.Release|Any CPU.ActiveCfg = Release|Any CPU
		{EB2ECFE5-B8D9-490A-8545-6ABE76B7D5CE}.Release|Any CPU.Build.0 = Release|Any CPU
	EndGlobalSection
	GlobalSection(SolutionProperties) = preSolution
		HideSolutionNode = FALSE
	EndGlobalSection
	GlobalSection(NestedProjects) = preSolution
		{5F4B91AA-D9D8-4EB8-A1F0-F573BE8B7446} = {AE09BFB1-EE9E-4E3A-A593-288A733D3CB8}
		{9F941AD3-E2CD-4169-BB37-6BD47113D7B4} = {AE09BFB1-EE9E-4E3A-A593-288A733D3CB8}
		{F4D26A10-4E84-4419-92B5-EA79FF5E1A85} = {AE09BFB1-EE9E-4E3A-A593-288A733D3CB8}
		{1864D1E6-988B-474B-A61B-35D6024A1A92} = {67F3C2D8-8176-4504-82D5-991B2F7BBD2B}
		{C4BBADD5-64D9-4C88-ACB8-0105D6B2C830} = {67F3C2D8-8176-4504-82D5-991B2F7BBD2B}
		{EB2ECFE5-B8D9-490A-8545-6ABE76B7D5CE} = {67F3C2D8-8176-4504-82D5-991B2F7BBD2B}
	EndGlobalSection
	GlobalSection(ExtensibilityGlobals) = postSolution
		SolutionGuid = {B07134EB-A817-413C-B4FA-F2A29D6F52EA}
	EndGlobalSection
EndGlobal
