
Microsoft Visual Studio Solution File, Format Version 12.00
# Visual Studio Version 17
VisualStudioVersion = 17.11.35303.130
MinimumVisualStudioVersion = 10.0.40219.1
Project("{2150E333-8FDC-42A3-9474-1A3956D46DE8}") = "Task0", "Task0", "{AE09BFB1-EE9E-4E3A-A593-288A733D3CB8}"
EndProject
Project("{9A19103F-16F7-4668-BE54-9A1E7A4F7556}") = "Tyuiu.BorkovNA.Sprint2.Task0.V1.Test", "Tyuiu.BorkovNA.Sprint2.Task0.V1.Test\Tyuiu.BorkovNA.Sprint2.Task0.V1.Test.csproj", "{5F4B91AA-D9D8-4EB8-A1F0-F573BE8B7446}"
EndProject
Project("{9A19103F-16F7-4668-BE54-9A1E7A4F7556}") = "Tyuiu.BorkovNA.Sprint2.Task0.V1", "Tyuiu.BorkovNA.Sprint2.Task0.V1\Tyuiu.BorkovNA.Sprint2.Task0.V1.csproj", "{9F941AD3-E2CD-4169-BB37-6BD47113D7B4}"
EndProject
Project("{9A19103F-16F7-4668-BE54-9A1E7A4F7556}") = "Tyuiu.BorkovNA.Sprint2.Task0.V1.Lib", "Tyuiu.BorkovNA.Sprint2.Task0.V1.Lib\Tyuiu.BorkovNA.Sprint2.Task0.V1.Lib.csproj", "{F4D26A10-4E84-4419-92B5-EA79FF5E1A85}"
EndProject
Project("{2150E333-8FDC-42A3-9474-1A3956D46DE8}") = "Task1", "Task1", "{67F3C2D8-8176-4504-82D5-991B2F7BBD2B}"
EndProject
Project("{9A19103F-16F7-4668-BE54-9A1E7A4F7556}") = "Tyuiu.BorkovNA.Sprint2.Task1.V28.Test", "Tyuiu.BorkovNA.Sprint2.Task1.V28Test\Tyuiu.BorkovNA.Sprint2.Task1.V28.Test.csproj", "{1864D1E6-988B-474B-A61B-35D6024A1A92}"
EndProject
Project("{9A19103F-16F7-4668-BE54-9A1E7A4F7556}") = "Tyuiu.BorkovNA.Sprint2.Task1.V28", "Tyuiu.BorkovNA.Sprint2.Task1.V28\Tyuiu.BorkovNA.Sprint2.Task1.V28.csproj", "{C4BBADD5-64D9-4C88-ACB8-0105D6B2C830}"
EndProject
Project("{9A19103F-16F7-4668-BE54-9A1E7A4F7556}") = "Tyuiu.BorkovNA.Sprint2.Task1.V28.Lib", "Tyuiu.BorkovNA.Sprint2.Task1.V28.Lib\Tyuiu.BorkovNA.Sprint2.Task1.V28.Lib.csproj", "{EB2ECFE5-B8D9-490A-8545-6ABE76B7D5CE}"
EndProject
Project("{2150E333-8FDC-42A3-9474-1A3956D46DE8}") = "Task2", "Task2", "{62E6E460-8D62-4019-A417-7380293A870B}"
EndProject
Project("{9A19103F-16F7-4668-BE54-9A1E7A4F7556}") = "Tyuiu.BorkovNA.Sprint2.Task2.V28.Lib", "Tyuiu.BorkovNA.Sprint2.Task2.V28.Lib\Tyuiu.BorkovNA.Sprint2.Task2.V28.Lib.csproj", "{6392B59F-8F9D-46DE-9686-0FA4547E2CBA}"
EndProject
Project("{9A19103F-16F7-4668-BE54-9A1E7A4F7556}") = "Tyuiu.BorkovNA.Sprint2.Task2.V28.Test", "Tyuiu.BorkovNA.Sprint2.Task2.V28.Test\Tyuiu.BorkovNA.Sprint2.Task2.V28.Test.csproj", "{3C9858C2-2C3B-474B-849E-6FE25087B837}"
EndProject
Project("{9A19103F-16F7-4668-BE54-9A1E7A4F7556}") = "Tyuiu.BorkovNA.Sprint2.Task2.V28", "Tyuiu.BorkovNA.Sprint2.Task2.V28\Tyuiu.BorkovNA.Sprint2.Task2.V28.csproj", "{98E25FF6-B097-4580-B9AD-F08D46F6D46E}"
EndProject
Project("{2150E333-8FDC-42A3-9474-1A3956D46DE8}") = "Task3", "Task3", "{A2C9CC58-F336-4174-9103-E961F6AD2092}"
EndProject
Project("{9A19103F-16F7-4668-BE54-9A1E7A4F7556}") = "Tyuiu.BorkovNA.Sprint2.Task3.V21.Lib", "Tyuiu.BorkovNA.Sprint2.Task3.V21.Lib\Tyuiu.BorkovNA.Sprint2.Task3.V21.Lib.csproj", "{4E5C5BC9-3DD3-4C5F-9BEF-F3EB943204D7}"
EndProject
Project("{9A19103F-16F7-4668-BE54-9A1E7A4F7556}") = "Tyuiu.BorkovNA.Sprint2.Task3.V21.Test", "Tyuiu.BorkovNA.Sprint2.Task3.V21.Test\Tyuiu.BorkovNA.Sprint2.Task3.V21.Test.csproj", "{5B1099CF-480C-4CF8-8449-392EF7F54566}"
EndProject
Project("{9A19103F-16F7-4668-BE54-9A1E7A4F7556}") = "Tyuiu.BorkovNA.Sprint2.Task3.V21", "Tyuiu.BorkovNA.Sprint2.Task3.V21\Tyuiu.BorkovNA.Sprint2.Task3.V21.csproj", "{14B57C99-5F55-45E0-A610-60411F6C8124}"
EndProject
Project("{2150E333-8FDC-42A3-9474-1A3956D46DE8}") = "Task4", "Task4", "{687E57CB-238C-4684-A8C1-2AA06B1E5DDC}"
EndProject
Project("{FAE04EC0-301F-11D3-BF4B-00C04F79EFBC}") = "Tyuiu.BorkovNA.Sprint2.Task4.V3.Lib", "Tyuiu.BorkovNA.Sprint2.Task4.V3.Lib\Tyuiu.BorkovNA.Sprint2.Task4.V3.Lib.csproj", "{561B6016-5E19-45CE-A968-966ECC9F13D3}"
EndProject
Project("{FAE04EC0-301F-11D3-BF4B-00C04F79EFBC}") = "Tyuiu.BorkovNA.Sprint2.Task4.V3.Test", "Tyuiu.BorkovNA.Sprint2.Task4.V3.Test\Tyuiu.BorkovNA.Sprint2.Task4.V3.Test.csproj", "{08119B16-6ACA-4C99-98D7-50C767DD8F41}"
EndProject
Project("{FAE04EC0-301F-11D3-BF4B-00C04F79EFBC}") = "Tyuiu.BorkovNA.Sprint2.Task4.V3", "Tyuiu.BorkovNA.Sprint2.Task4.V3\Tyuiu.BorkovNA.Sprint2.Task4.V3.csproj", "{193A8A6C-3D1F-49AF-AB4B-6534CC429F2D}"
EndProject
Project("{2150E333-8FDC-42A3-9474-1A3956D46DE8}") = "Task5", "Task5", "{89A68C16-6FBC-40E2-A656-C779D29B0E34}"
EndProject
Project("{FAE04EC0-301F-11D3-BF4B-00C04F79EFBC}") = "Tyuiu.BorkovNA.Sprint2.Task5.V5.Lib", "Tyuiu.BorkovNA.Sprint2.Task5.V5.Lib\Tyuiu.BorkovNA.Sprint2.Task5.V5.Lib.csproj", "{AB6254EC-7D3A-4893-891B-219F71E420B8}"
EndProject
Project("{FAE04EC0-301F-11D3-BF4B-00C04F79EFBC}") = "Tyuiu.BorkovNA.Sprint2.Task5.V5.Test", "Tyuiu.BorkovNA.Sprint2.Task5.V5.Test\Tyuiu.BorkovNA.Sprint2.Task5.V5.Test.csproj", "{4CAF6913-D15A-437F-AA5C-8F49456915C5}"
EndProject
Project("{FAE04EC0-301F-11D3-BF4B-00C04F79EFBC}") = "Tyuiu.BorkovNA.Sprint2.Task5.V5", "Tyuiu.BorkovNA.Sprint2.Task5.V5\Tyuiu.BorkovNA.Sprint2.Task5.V5.csproj", "{3D6D3721-14C9-4C3A-9938-5BD8BE14829A}"
EndProject
Project("{2150E333-8FDC-42A3-9474-1A3956D46DE8}") = "Task6", "Task6", "{003537DD-958F-4819-9B01-D2D69B5D7A2C}"
EndProject
Project("{FAE04EC0-301F-11D3-BF4B-00C04F79EFBC}") = "Tyuiu.BorkovNA.Sprint2.Task6.V4.Lib", "Tyuiu.BorkovNA.Sprint2.Task6.V4.Lib\Tyuiu.BorkovNA.Sprint2.Task6.V4.Lib.csproj", "{7B30CF09-C91F-4E0E-BF11-E6FE5E86DA54}"
EndProject
Project("{FAE04EC0-301F-11D3-BF4B-00C04F79EFBC}") = "Tyuiu.BorkovNA.Sprint2.Task6.V4.Test", "Tyuiu.BorkovNA.Sprint2.Task6.V4.Test\Tyuiu.BorkovNA.Sprint2.Task6.V4.Test.csproj", "{908FF69F-C320-40B8-A6DC-3AC97EDD64ED}"
EndProject
Project("{FAE04EC0-301F-11D3-BF4B-00C04F79EFBC}") = "Tyuiu.BorkovNA.Sprint2.Task6.V4", "Tyuiu.BorkovNA.Sprint2.Task6.V4\Tyuiu.BorkovNA.Sprint2.Task6.V4.csproj", "{F51C2A4A-1EF4-4327-87E1-FE313BA43FD4}"
EndProject
Project("{2150E333-8FDC-42A3-9474-1A3956D46DE8}") = "Task7", "Task7", "{AA0F85FC-5288-4CA6-A088-FF63A8EAB568}"
EndProject
Project("{FAE04EC0-301F-11D3-BF4B-00C04F79EFBC}") = "Tyuiu.BorkovNA.Sprint2.Task7.V14.Lib", "Tyuiu.BorkovNA.Sprint2.Task7.V14.Lib\Tyuiu.BorkovNA.Sprint2.Task7.V14.Lib.csproj", "{6CFF74B0-4954-4696-8FF1-3E7FE4B22904}"
EndProject
Project("{FAE04EC0-301F-11D3-BF4B-00C04F79EFBC}") = "Tyuiu.BorkovNA.Sprint2.Task7.V14.Test", "Tyuiu.BorkovNA.Sprint2.Task7.V14.Test\Tyuiu.BorkovNA.Sprint2.Task7.V14.Test.csproj", "{002E32D5-9EE0-4DE4-8357-31D8CDC3C1E2}"
EndProject
Project("{FAE04EC0-301F-11D3-BF4B-00C04F79EFBC}") = "Tyuiu.BorkovNA.Sprint2.Task7.V14", "Tyuiu.BorkovNA.Sprint2.Task7.V14\Tyuiu.BorkovNA.Sprint2.Task7.V14.csproj", "{8BBF9242-AE93-45D0-8148-A2CAF868370A}"
EndProject
Global
	GlobalSection(SolutionConfigurationPlatforms) = preSolution
		Debug|Any CPU = Debug|Any CPU
		Release|Any CPU = Release|Any CPU
	EndGlobalSection
	GlobalSection(ProjectConfigurationPlatforms) = postSolution
		{5F4B91AA-D9D8-4EB8-A1F0-F573BE8B7446}.Debug|Any CPU.ActiveCfg = Debug|Any CPU
		{5F4B91AA-D9D8-4EB8-A1F0-F573BE8B7446}.Debug|Any CPU.Build.0 = Debug|Any CPU
		{5F4B91AA-D9D8-4EB8-A1F0-F573BE8B7446}.Release|Any CPU.ActiveCfg = Release|Any CPU
		{5F4B91AA-D9D8-4EB8-A1F0-F573BE8B7446}.Release|Any CPU.Build.0 = Release|Any CPU
		{9F941AD3-E2CD-4169-BB37-6BD47113D7B4}.Debug|Any CPU.ActiveCfg = Debug|Any CPU
		{9F941AD3-E2CD-4169-BB37-6BD47113D7B4}.Debug|Any CPU.Build.0 = Debug|Any CPU
		{9F941AD3-E2CD-4169-BB37-6BD47113D7B4}.Release|Any CPU.ActiveCfg = Release|Any CPU
		{9F941AD3-E2CD-4169-BB37-6BD47113D7B4}.Release|Any CPU.Build.0 = Release|Any CPU
		{F4D26A10-4E84-4419-92B5-EA79FF5E1A85}.Debug|Any CPU.ActiveCfg = Debug|Any CPU
		{F4D26A10-4E84-4419-92B5-EA79FF5E1A85}.Debug|Any CPU.Build.0 = Debug|Any CPU
		{F4D26A10-4E84-4419-92B5-EA79FF5E1A85}.Release|Any CPU.ActiveCfg = Release|Any CPU
		{F4D26A10-4E84-4419-92B5-EA79FF5E1A85}.Release|Any CPU.Build.0 = Release|Any CPU
		{1864D1E6-988B-474B-A61B-35D6024A1A92}.Debug|Any CPU.ActiveCfg = Debug|Any CPU
		{1864D1E6-988B-474B-A61B-35D6024A1A92}.Debug|Any CPU.Build.0 = Debug|Any CPU
		{1864D1E6-988B-474B-A61B-35D6024A1A92}.Release|Any CPU.ActiveCfg = Release|Any CPU
		{1864D1E6-988B-474B-A61B-35D6024A1A92}.Release|Any CPU.Build.0 = Release|Any CPU
		{C4BBADD5-64D9-4C88-ACB8-0105D6B2C830}.Debug|Any CPU.ActiveCfg = Debug|Any CPU
		{C4BBADD5-64D9-4C88-ACB8-0105D6B2C830}.Debug|Any CPU.Build.0 = Debug|Any CPU
		{C4BBADD5-64D9-4C88-ACB8-0105D6B2C830}.Release|Any CPU.ActiveCfg = Release|Any CPU
		{C4BBADD5-64D9-4C88-ACB8-0105D6B2C830}.Release|Any CPU.Build.0 = Release|Any CPU
		{EB2ECFE5-B8D9-490A-8545-6ABE76B7D5CE}.Debug|Any CPU.ActiveCfg = Debug|Any CPU
		{EB2ECFE5-B8D9-490A-8545-6ABE76B7D5CE}.Debug|Any CPU.Build.0 = Debug|Any CPU
		{EB2ECFE5-B8D9-490A-8545-6ABE76B7D5CE}.Release|Any CPU.ActiveCfg = Release|Any CPU
		{EB2ECFE5-B8D9-490A-8545-6ABE76B7D5CE}.Release|Any CPU.Build.0 = Release|Any CPU
		{6392B59F-8F9D-46DE-9686-0FA4547E2CBA}.Debug|Any CPU.ActiveCfg = Debug|Any CPU
		{6392B59F-8F9D-46DE-9686-0FA4547E2CBA}.Debug|Any CPU.Build.0 = Debug|Any CPU
		{6392B59F-8F9D-46DE-9686-0FA4547E2CBA}.Release|Any CPU.ActiveCfg = Release|Any CPU
		{6392B59F-8F9D-46DE-9686-0FA4547E2CBA}.Release|Any CPU.Build.0 = Release|Any CPU
		{3C9858C2-2C3B-474B-849E-6FE25087B837}.Debug|Any CPU.ActiveCfg = Debug|Any CPU
		{3C9858C2-2C3B-474B-849E-6FE25087B837}.Debug|Any CPU.Build.0 = Debug|Any CPU
		{3C9858C2-2C3B-474B-849E-6FE25087B837}.Release|Any CPU.ActiveCfg = Release|Any CPU
		{3C9858C2-2C3B-474B-849E-6FE25087B837}.Release|Any CPU.Build.0 = Release|Any CPU
		{98E25FF6-B097-4580-B9AD-F08D46F6D46E}.Debug|Any CPU.ActiveCfg = Debug|Any CPU
		{98E25FF6-B097-4580-B9AD-F08D46F6D46E}.Debug|Any CPU.Build.0 = Debug|Any CPU
		{98E25FF6-B097-4580-B9AD-F08D46F6D46E}.Release|Any CPU.ActiveCfg = Release|Any CPU
		{98E25FF6-B097-4580-B9AD-F08D46F6D46E}.Release|Any CPU.Build.0 = Release|Any CPU
		{4E5C5BC9-3DD3-4C5F-9BEF-F3EB943204D7}.Debug|Any CPU.ActiveCfg = Debug|Any CPU
		{4E5C5BC9-3DD3-4C5F-9BEF-F3EB943204D7}.Debug|Any CPU.Build.0 = Debug|Any CPU
		{4E5C5BC9-3DD3-4C5F-9BEF-F3EB943204D7}.Release|Any CPU.ActiveCfg = Release|Any CPU
		{4E5C5BC9-3DD3-4C5F-9BEF-F3EB943204D7}.Release|Any CPU.Build.0 = Release|Any CPU
		{5B1099CF-480C-4CF8-8449-392EF7F54566}.Debug|Any CPU.ActiveCfg = Debug|Any CPU
		{5B1099CF-480C-4CF8-8449-392EF7F54566}.Debug|Any CPU.Build.0 = Debug|Any CPU
		{5B1099CF-480C-4CF8-8449-392EF7F54566}.Release|Any CPU.ActiveCfg = Release|Any CPU
		{5B1099CF-480C-4CF8-8449-392EF7F54566}.Release|Any CPU.Build.0 = Release|Any CPU
		{14B57C99-5F55-45E0-A610-60411F6C8124}.Debug|Any CPU.ActiveCfg = Debug|Any CPU
		{14B57C99-5F55-45E0-A610-60411F6C8124}.Debug|Any CPU.Build.0 = Debug|Any CPU
		{14B57C99-5F55-45E0-A610-60411F6C8124}.Release|Any CPU.ActiveCfg = Release|Any CPU
		{14B57C99-5F55-45E0-A610-60411F6C8124}.Release|Any CPU.Build.0 = Release|Any CPU
		{561B6016-5E19-45CE-A968-966ECC9F13D3}.Debug|Any CPU.ActiveCfg = Debug|Any CPU
		{561B6016-5E19-45CE-A968-966ECC9F13D3}.Debug|Any CPU.Build.0 = Debug|Any CPU
		{561B6016-5E19-45CE-A968-966ECC9F13D3}.Release|Any CPU.ActiveCfg = Release|Any CPU
		{561B6016-5E19-45CE-A968-966ECC9F13D3}.Release|Any CPU.Build.0 = Release|Any CPU
		{08119B16-6ACA-4C99-98D7-50C767DD8F41}.Debug|Any CPU.ActiveCfg = Debug|Any CPU
		{08119B16-6ACA-4C99-98D7-50C767DD8F41}.Debug|Any CPU.Build.0 = Debug|Any CPU
		{08119B16-6ACA-4C99-98D7-50C767DD8F41}.Release|Any CPU.ActiveCfg = Release|Any CPU
		{08119B16-6ACA-4C99-98D7-50C767DD8F41}.Release|Any CPU.Build.0 = Release|Any CPU
		{193A8A6C-3D1F-49AF-AB4B-6534CC429F2D}.Debug|Any CPU.ActiveCfg = Debug|Any CPU
		{193A8A6C-3D1F-49AF-AB4B-6534CC429F2D}.Debug|Any CPU.Build.0 = Debug|Any CPU
		{193A8A6C-3D1F-49AF-AB4B-6534CC429F2D}.Release|Any CPU.ActiveCfg = Release|Any CPU
		{193A8A6C-3D1F-49AF-AB4B-6534CC429F2D}.Release|Any CPU.Build.0 = Release|Any CPU
		{AB6254EC-7D3A-4893-891B-219F71E420B8}.Debug|Any CPU.ActiveCfg = Debug|Any CPU
		{AB6254EC-7D3A-4893-891B-219F71E420B8}.Debug|Any CPU.Build.0 = Debug|Any CPU
		{AB6254EC-7D3A-4893-891B-219F71E420B8}.Release|Any CPU.ActiveCfg = Release|Any CPU
		{AB6254EC-7D3A-4893-891B-219F71E420B8}.Release|Any CPU.Build.0 = Release|Any CPU
		{4CAF6913-D15A-437F-AA5C-8F49456915C5}.Debug|Any CPU.ActiveCfg = Debug|Any CPU
		{4CAF6913-D15A-437F-AA5C-8F49456915C5}.Debug|Any CPU.Build.0 = Debug|Any CPU
		{4CAF6913-D15A-437F-AA5C-8F49456915C5}.Release|Any CPU.ActiveCfg = Release|Any CPU
		{4CAF6913-D15A-437F-AA5C-8F49456915C5}.Release|Any CPU.Build.0 = Release|Any CPU
		{3D6D3721-14C9-4C3A-9938-5BD8BE14829A}.Debug|Any CPU.ActiveCfg = Debug|Any CPU
		{3D6D3721-14C9-4C3A-9938-5BD8BE14829A}.Debug|Any CPU.Build.0 = Debug|Any CPU
		{3D6D3721-14C9-4C3A-9938-5BD8BE14829A}.Release|Any CPU.ActiveCfg = Release|Any CPU
		{3D6D3721-14C9-4C3A-9938-5BD8BE14829A}.Release|Any CPU.Build.0 = Release|Any CPU
		{7B30CF09-C91F-4E0E-BF11-E6FE5E86DA54}.Debug|Any CPU.ActiveCfg = Debug|Any CPU
		{7B30CF09-C91F-4E0E-BF11-E6FE5E86DA54}.Debug|Any CPU.Build.0 = Debug|Any CPU
		{7B30CF09-C91F-4E0E-BF11-E6FE5E86DA54}.Release|Any CPU.ActiveCfg = Release|Any CPU
		{7B30CF09-C91F-4E0E-BF11-E6FE5E86DA54}.Release|Any CPU.Build.0 = Release|Any CPU
		{908FF69F-C320-40B8-A6DC-3AC97EDD64ED}.Debug|Any CPU.ActiveCfg = Debug|Any CPU
		{908FF69F-C320-40B8-A6DC-3AC97EDD64ED}.Debug|Any CPU.Build.0 = Debug|Any CPU
		{908FF69F-C320-40B8-A6DC-3AC97EDD64ED}.Release|Any CPU.ActiveCfg = Release|Any CPU
		{908FF69F-C320-40B8-A6DC-3AC97EDD64ED}.Release|Any CPU.Build.0 = Release|Any CPU
		{F51C2A4A-1EF4-4327-87E1-FE313BA43FD4}.Debug|Any CPU.ActiveCfg = Debug|Any CPU
		{F51C2A4A-1EF4-4327-87E1-FE313BA43FD4}.Debug|Any CPU.Build.0 = Debug|Any CPU
		{F51C2A4A-1EF4-4327-87E1-FE313BA43FD4}.Release|Any CPU.ActiveCfg = Release|Any CPU
		{F51C2A4A-1EF4-4327-87E1-FE313BA43FD4}.Release|Any CPU.Build.0 = Release|Any CPU
		{6CFF74B0-4954-4696-8FF1-3E7FE4B22904}.Debug|Any CPU.ActiveCfg = Debug|Any CPU
		{6CFF74B0-4954-4696-8FF1-3E7FE4B22904}.Debug|Any CPU.Build.0 = Debug|Any CPU
		{6CFF74B0-4954-4696-8FF1-3E7FE4B22904}.Release|Any CPU.ActiveCfg = Release|Any CPU
		{6CFF74B0-4954-4696-8FF1-3E7FE4B22904}.Release|Any CPU.Build.0 = Release|Any CPU
		{002E32D5-9EE0-4DE4-8357-31D8CDC3C1E2}.Debug|Any CPU.ActiveCfg = Debug|Any CPU
		{002E32D5-9EE0-4DE4-8357-31D8CDC3C1E2}.Debug|Any CPU.Build.0 = Debug|Any CPU
		{002E32D5-9EE0-4DE4-8357-31D8CDC3C1E2}.Release|Any CPU.ActiveCfg = Release|Any CPU
		{002E32D5-9EE0-4DE4-8357-31D8CDC3C1E2}.Release|Any CPU.Build.0 = Release|Any CPU
		{8BBF9242-AE93-45D0-8148-A2CAF868370A}.Debug|Any CPU.ActiveCfg = Debug|Any CPU
		{8BBF9242-AE93-45D0-8148-A2CAF868370A}.Debug|Any CPU.Build.0 = Debug|Any CPU
		{8BBF9242-AE93-45D0-8148-A2CAF868370A}.Release|Any CPU.ActiveCfg = Release|Any CPU
		{8BBF9242-AE93-45D0-8148-A2CAF868370A}.Release|Any CPU.Build.0 = Release|Any CPU
	EndGlobalSection
	GlobalSection(SolutionProperties) = preSolution
		HideSolutionNode = FALSE
	EndGlobalSection
	GlobalSection(NestedProjects) = preSolution
		{5F4B91AA-D9D8-4EB8-A1F0-F573BE8B7446} = {AE09BFB1-EE9E-4E3A-A593-288A733D3CB8}
		{9F941AD3-E2CD-4169-BB37-6BD47113D7B4} = {AE09BFB1-EE9E-4E3A-A593-288A733D3CB8}
		{F4D26A10-4E84-4419-92B5-EA79FF5E1A85} = {AE09BFB1-EE9E-4E3A-A593-288A733D3CB8}
		{1864D1E6-988B-474B-A61B-35D6024A1A92} = {67F3C2D8-8176-4504-82D5-991B2F7BBD2B}
		{C4BBADD5-64D9-4C88-ACB8-0105D6B2C830} = {67F3C2D8-8176-4504-82D5-991B2F7BBD2B}
		{EB2ECFE5-B8D9-490A-8545-6ABE76B7D5CE} = {67F3C2D8-8176-4504-82D5-991B2F7BBD2B}
		{6392B59F-8F9D-46DE-9686-0FA4547E2CBA} = {62E6E460-8D62-4019-A417-7380293A870B}
		{3C9858C2-2C3B-474B-849E-6FE25087B837} = {62E6E460-8D62-4019-A417-7380293A870B}
		{98E25FF6-B097-4580-B9AD-F08D46F6D46E} = {62E6E460-8D62-4019-A417-7380293A870B}
		{4E5C5BC9-3DD3-4C5F-9BEF-F3EB943204D7} = {A2C9CC58-F336-4174-9103-E961F6AD2092}
		{5B1099CF-480C-4CF8-8449-392EF7F54566} = {A2C9CC58-F336-4174-9103-E961F6AD2092}
		{14B57C99-5F55-45E0-A610-60411F6C8124} = {A2C9CC58-F336-4174-9103-E961F6AD2092}
		{561B6016-5E19-45CE-A968-966ECC9F13D3} = {687E57CB-238C-4684-A8C1-2AA06B1E5DDC}
		{08119B16-6ACA-4C99-98D7-50C767DD8F41} = {687E57CB-238C-4684-A8C1-2AA06B1E5DDC}
		{193A8A6C-3D1F-49AF-AB4B-6534CC429F2D} = {687E57CB-238C-4684-A8C1-2AA06B1E5DDC}
		{AB6254EC-7D3A-4893-891B-219F71E420B8} = {89A68C16-6FBC-40E2-A656-C779D29B0E34}
		{4CAF6913-D15A-437F-AA5C-8F49456915C5} = {89A68C16-6FBC-40E2-A656-C779D29B0E34}
		{3D6D3721-14C9-4C3A-9938-5BD8BE14829A} = {89A68C16-6FBC-40E2-A656-C779D29B0E34}
		{7B30CF09-C91F-4E0E-BF11-E6FE5E86DA54} = {003537DD-958F-4819-9B01-D2D69B5D7A2C}
		{908FF69F-C320-40B8-A6DC-3AC97EDD64ED} = {003537DD-958F-4819-9B01-D2D69B5D7A2C}
		{F51C2A4A-1EF4-4327-87E1-FE313BA43FD4} = {003537DD-958F-4819-9B01-D2D69B5D7A2C}
		{6CFF74B0-4954-4696-8FF1-3E7FE4B22904} = {AA0F85FC-5288-4CA6-A088-FF63A8EAB568}
		{002E32D5-9EE0-4DE4-8357-31D8CDC3C1E2} = {AA0F85FC-5288-4CA6-A088-FF63A8EAB568}
		{8BBF9242-AE93-45D0-8148-A2CAF868370A} = {AA0F85FC-5288-4CA6-A088-FF63A8EAB568}
	EndGlobalSection
	GlobalSection(ExtensibilityGlobals) = postSolution
		SolutionGuid = {B07134EB-A817-413C-B4FA-F2A29D6F52EA}
	EndGlobalSection
EndGlobal
